# This file is generated by noeta; it is meant to be committed. Do not edit.
version = 2

[[package]]
name = "para/aether"
version = "0.1.0"
source = "git"
url = "https://github.com/noeta-lang/para-aether"
tag = "v0.1.0"
sha = "4e6d8f90ea5c42086cac2a6f4bd54601708947b6"
edition = "2026"
hash = "2e3dc472edbe3ab346c47cc72590267779725eb18b2ebefd8eacb57094bb8066"

[[package]]
name = "para/aether_db"
version = "0.1.0"
source = "path"
path = "../.."
edition = "2026"
hash = "996d289f254737e4b07a411f0f330d06f0e41391034192090ff4136c54226aa8"

[[package]]
name = "para/db"
version = "0.1.0"
source = "git"
url = "https://github.com/noeta-lang/para-db"
tag = "v0.1.0"
sha = "911b572c5af1a93f0fd01d9014267afbfbe9ae6e"
native = "native"
edition = "2026"
hash = "b5a60da7f23a155ef99fa26ff622bf4fbe3f199dbd4b463ce69dd1531cfce03a"

[[scope]]
name = "para"
issuer = "https://token.actions.githubusercontent.com"
identity = "https://github.com/noeta-lang/para-db/.github/workflows/release.yml@refs/tags/v0.1.0"
