# This file is generated by noeta; it is meant to be committed. Do not edit.
version = 2

[[package]]
name = "para/aether"
version = "0.1.0"
source = "git"
url = "file:///home/niklas/Code/para/para-aether"
tag = "v0.1.0"
sha = "9003d4572affec7932a5a220207e133c3e17c2f4"
edition = "2026"
hash = "75b4a79343a63254073079527df1bef10ba6513685bb342526825444906df3e3"

[[package]]
name = "para/aether_db"
version = "0.1.0"
source = "path"
path = "../.."
edition = "2026"
hash = "b5d62932d0114428e466407431b10c994a35c181fbdfd3e6c93fee41b415bc46"

[[package]]
name = "para/db"
version = "0.1.0"
source = "git"
url = "file:///home/niklas/Code/para/para-db"
tag = "v0.1.0"
sha = "bb830d400f4b1d78b4183141c5c0a7de8fc1e159"
native = "native"
edition = "2026"
hash = "caa7192c48614ec3e987ac721e1b752d4cb7b043a19913ccb2f463ad36e12dc5"
