# This file is generated by noeta; it is meant to be committed. Do not edit.
version = 2

[[package]]
name = "para/aether"
version = "0.1.0"
source = "git"
url = "https://github.com/noeta-lang/para-aether"
tag = "v0.1.0"
sha = "4e6d8f90ea5c42086cac2a6f4bd54601708947b6"
edition = "2026"
hash = "2e3dc472edbe3ab346c47cc72590267779725eb18b2ebefd8eacb57094bb8066"

[[package]]
name = "para/aether_db"
version = "0.1.2"
source = "path"
path = "../.."
edition = "2026"
hash = "7de64de624613c60e10e9511fefaa6eae71f690b9742d68332ba597946f9ed37"

[[package]]
name = "para/db"
version = "0.1.1"
source = "git"
url = "https://github.com/noeta-lang/para-db"
tag = "v0.1.1"
sha = "be0c32dc9ce0cd449de0123ee3d397c0f8eae1fb"
native = "native"
edition = "2026"
hash = "6eec6316c83dcb8bbcab6254394a0c56144fc6616477cbda0a57423aa729cceb"

[[scope]]
name = "para"
issuer = "https://token.actions.githubusercontent.com"
identity = "https://github.com/noeta-lang/para-db/.github/workflows/release.yml@refs/tags/v0.1.1"
