# This file is generated by noeta; it is meant to be committed. Do not edit.
version = 2

[[package]]
name = "para/aether"
version = "0.1.0"
source = "git"
url = "file:///home/niklas/Code/para/para-aether"
tag = "v0.1.0"
sha = "4e6d8f90ea5c42086cac2a6f4bd54601708947b6"
edition = "2026"
hash = "2e3dc472edbe3ab346c47cc72590267779725eb18b2ebefd8eacb57094bb8066"

[[package]]
name = "para/db"
version = "0.1.0"
source = "git"
url = "file:///home/niklas/Code/para/para-db"
tag = "v0.1.0"
sha = "911b572c5af1a93f0fd01d9014267afbfbe9ae6e"
native = "native"
edition = "2026"
hash = "b5a60da7f23a155ef99fa26ff622bf4fbe3f199dbd4b463ce69dd1531cfce03a"
